// !$*UTF8*$!
{
	archiveVersion = 1;
	classes = {
	};
	objectVersion = 50;
	objects = {

/* Begin PBXBuildFile section */
		095FE47124F858C200D0AC38 /* AppDelegate.swift in Sources */ = {isa = PBXBuildFile; fileRef = 095FE47024F858C200D0AC38 /* AppDelegate.swift */; };
		095FE47324F858C200D0AC38 /* SceneDelegate.swift in Sources */ = {isa = PBXBuildFile; fileRef = 095FE47224F858C200D0AC38 /* SceneDelegate.swift */; };
		095FE47824F858C200D0AC38 /* Main.storyboard in Resources */ = {isa = PBXBuildFile; fileRef = 095FE47624F858C200D0AC38 /* Main.storyboard */; };
		095FE47A24F858C200D0AC38 /* Assets.xcassets in Resources */ = {isa = PBXBuildFile; fileRef = 095FE47924F858C200D0AC38 /* Assets.xcassets */; };
		095FE47D24F858C200D0AC38 /* LaunchScreen.storyboard in Resources */ = {isa = PBXBuildFile; fileRef = 095FE47B24F858C200D0AC38 /* LaunchScreen.storyboard */; };
		095FE48724F85B8300D0AC38 /* TableViewCell.swift in Sources */ = {isa = PBXBuildFile; fileRef = 095FE48624F85B8300D0AC38 /* TableViewCell.swift */; };
		0977925924FD8D8800B53F71 /* ViewController.swift in Sources */ = {isa = PBXBuildFile; fileRef = 0977925824FD8D8800B53F71 /* ViewController.swift */; };
		0977925D24FE750400B53F71 /* NetworkService.swift in Sources */ = {isa = PBXBuildFile; fileRef = 0977925C24FE750400B53F71 /* NetworkService.swift */; };
/* End PBXBuildFile section */

/* Begin PBXFileReference section */
		095FE46D24F858C200D0AC38 /* StackOverflow.app */ = {isa = PBXFileReference; explicitFileType = wrapper.application; includeInIndex = 0; path = StackOverflow.app; sourceTree = BUILT_PRODUCTS_DIR; };
		095FE47024F858C200D0AC38 /* AppDelegate.swift */ = {isa = PBXFileReference; lastKnownFileType = sourcecode.swift; path = AppDelegate.swift; sourceTree = "<group>"; };
		095FE47224F858C200D0AC38 /* SceneDelegate.swift */ = {isa = PBXFileReference; lastKnownFileType = sourcecode.swift; path = SceneDelegate.swift; sourceTree = "<group>"; };
		095FE47724F858C200D0AC38 /* Base */ = {isa = PBXFileReference; lastKnownFileType = file.storyboard; name = Base; path = Base.lproj/Main.storyboard; sourceTree = "<group>"; };
		095FE47924F858C200D0AC38 /* Assets.xcassets */ = {isa = PBXFileReference; lastKnownFileType = folder.assetcatalog; path = Assets.xcassets; sourceTree = "<group>"; };
		095FE47C24F858C200D0AC38 /* Base */ = {isa = PBXFileReference; lastKnownFileType = file.storyboard; name = Base; path = Base.lproj/LaunchScreen.storyboard; sourceTree = "<group>"; };
		095FE47E24F858C200D0AC38 /* Info.plist */ = {isa = PBXFileReference; lastKnownFileType = text.plist.xml; path = Info.plist; sourceTree = "<group>"; };
		095FE48624F85B8300D0AC38 /* TableViewCell.swift */ = {isa = PBXFileReference; lastKnownFileType = sourcecode.swift; path = TableViewCell.swift; sourceTree = "<group>"; };
		0977925824FD8D8800B53F71 /* ViewController.swift */ = {isa = PBXFileReference; lastKnownFileType = sourcecode.swift; path = ViewController.swift; sourceTree = "<group>"; };
		0977925C24FE750400B53F71 /* NetworkService.swift */ = {isa = PBXFileReference; lastKnownFileType = sourcecode.swift; path = NetworkService.swift; sourceTree = "<group>"; };
/* End PBXFileReference section */

/* Begin PBXFrameworksBuildPhase section */
		095FE46A24F858C200D0AC38 /* Frameworks */ = {
			isa = PBXFrameworksBuildPhase;
			buildActionMask = 2147483647;
			files = (
			);
			runOnlyForDeploymentPostprocessing = 0;
		};
/* End PBXFrameworksBuildPhase section */

/* Begin PBXGroup section */
		095FE46424F858C200D0AC38 = {
			isa = PBXGroup;
			children = (
				095FE46F24F858C200D0AC38 /* StackOverflow */,
				095FE46E24F858C200D0AC38 /* Products */,
			);
			sourceTree = "<group>";
		};
		095FE46E24F858C200D0AC38 /* Products */ = {
			isa = PBXGroup;
			children = (
				095FE46D24F858C200D0AC38 /* StackOverflow.app */,
			);
			name = Products;
			sourceTree = "<group>";
		};
		095FE46F24F858C200D0AC38 /* StackOverflow */ = {
			isa = PBXGroup;
			children = (
				095FE47024F858C200D0AC38 /* AppDelegate.swift */,
				095FE47224F858C200D0AC38 /* SceneDelegate.swift */,
				0977925824FD8D8800B53F71 /* ViewController.swift */,
				0977925C24FE750400B53F71 /* NetworkService.swift */,
				095FE48624F85B8300D0AC38 /* TableViewCell.swift */,
				095FE47624F858C200D0AC38 /* Main.storyboard */,
				095FE47924F858C200D0AC38 /* Assets.xcassets */,
				095FE47B24F858C200D0AC38 /* LaunchScreen.storyboard */,
				095FE47E24F858C200D0AC38 /* Info.plist */,
			);
			path = StackOverflow;
			sourceTree = "<group>";
		};
/* End PBXGroup section */

/* Begin PBXNativeTarget section */
		095FE46C24F858C200D0AC38 /* StackOverflow */ = {
			isa = PBXNativeTarget;
			buildConfigurationList = 095FE48124F858C200D0AC38 /* Build configuration list for PBXNativeTarget "StackOverflow" */;
			buildPhases = (
				095FE46924F858C200D0AC38 /* Sources */,
				095FE46A24F858C200D0AC38 /* Frameworks */,
				095FE46B24F858C200D0AC38 /* Resources */,
			);
			buildRules = (
			);
			dependencies = (
			);
			name = StackOverflow;
			productName = StackOverflow;
			productReference = 095FE46D24F858C200D0AC38 /* StackOverflow.app */;
			productType = "com.apple.product-type.application";
		};
/* End PBXNativeTarget section */

/* Begin PBXProject section */
		095FE46524F858C200D0AC38 /* Project object */ = {
			isa = PBXProject;
			attributes = {
				LastSwiftUpdateCheck = 1160;
				LastUpgradeCheck = 1160;
				ORGANIZATIONNAME = 12dot;
				TargetAttributes = {
					095FE46C24F858C200D0AC38 = {
						CreatedOnToolsVersion = 11.6;
					};
				};
			};
			buildConfigurationList = 095FE46824F858C200D0AC38 /* Build configuration list for PBXProject "StackOverflow" */;
			compatibilityVersion = "Xcode 9.3";
			developmentRegion = en;
			hasScannedForEncodings = 0;
			knownRegions = (
				en,
				Base,
			);
			mainGroup = 095FE46424F858C200D0AC38;
			productRefGroup = 095FE46E24F858C200D0AC38 /* Products */;
			projectDirPath = "";
			projectRoot = "";
			targets = (
				095FE46C24F858C200D0AC38 /* StackOverflow */,
			);
		};
/* End PBXProject section */

/* Begin PBXResourcesBuildPhase section */
		095FE46B24F858C200D0AC38 /* Resources */ = {
			isa = PBXResourcesBuildPhase;
			buildActionMask = 2147483647;
			files = (
				095FE47D24F858C200D0AC38 /* LaunchScreen.storyboard in Resources */,
				095FE47A24F858C200D0AC38 /* Assets.xcassets in Resources */,
				095FE47824F858C200D0AC38 /* Main.storyboard in Resources */,
			);
			runOnlyForDeploymentPostprocessing = 0;
		};
/* End PBXResourcesBuildPhase section */

/* Begin PBXSourcesBuildPhase section */
		095FE46924F858C200D0AC38 /* Sources */ = {
			isa = PBXSourcesBuildPhase;
			buildActionMask = 2147483647;
			files = (
				0977925D24FE750400B53F71 /* NetworkService.swift in Sources */,
				0977925924FD8D8800B53F71 /* ViewController.swift in Sources */,
				095FE47124F858C200D0AC38 /* AppDelegate.swift in Sources */,
				095FE48724F85B8300D0AC38 /* TableViewCell.swift in Sources */,
				095FE47324F858C200D0AC38 /* SceneDelegate.swift in Sources */,
			);
			runOnlyForDeploymentPostprocessing = 0;
		};
/* End PBXSourcesBuildPhase section */

/* Begin PBXVariantGroup section */
		095FE47624F858C200D0AC38 /* Main.storyboard */ = {
			isa = PBXVariantGroup;
			children = (
				095FE47724F858C200D0AC38 /* Base */,
			);
			name = Main.storyboard;
			sourceTree = "<group>";
		};
		095FE47B24F858C200D0AC38 /* LaunchScreen.storyboard */ = {
			isa = PBXVariantGroup;
			children = (
				095FE47C24F858C200D0AC38 /* Base */,
			);
			name = LaunchScreen.storyboard;
			sourceTree = "<group>";
		};
/* End PBXVariantGroup section */

/* Begin XCBuildConfiguration section */
		095FE47F24F858C200D0AC38 /* Debug */ = {
			isa = XCBuildConfiguration;
			buildSettings = {
				ALWAYS_SEARCH_USER_PATHS = NO;
				CLANG_ANALYZER_NONNULL = YES;
				CLANG_ANALYZER_NUMBER_OBJECT_CONVERSION = YES_AGGRESSIVE;
				CLANG_CXX_LANGUAGE_STANDARD = "gnu++14";
				CLANG_CXX_LIBRARY = "libc++";
				CLANG_ENABLE_MODULES = YES;
				CLANG_ENABLE_OBJC_ARC = YES;
				CLANG_ENABLE_OBJC_WEAK = YES;
				CLANG_WARN_BLOCK_CAPTURE_AUTORELEASING = YES;
				CLANG_WARN_BOOL_CONVERSION = YES;
				CLANG_WARN_COMMA = YES;
				CLANG_WARN_CONSTANT_CONVERSION = YES;
				CLANG_WARN_DEPRECATED_OBJC_IMPLEMENTATIONS = YES;
				CLANG_WARN_DIRECT_OBJC_ISA_USAGE = YES_ERROR;
				CLANG_WARN_DOCUMENTATION_COMMENTS = YES;
				CLANG_WARN_EMPTY_BODY = YES;
				CLANG_WARN_ENUM_CONVERSION = YES;
				CLANG_WARN_INFINITE_RECURSION = YES;
				CLANG_WARN_INT_CONVERSION = YES;
				CLANG_WARN_NON_LITERAL_NULL_CONVERSION = YES;
				CLANG_WARN_OBJC_IMPLICIT_RETAIN_SELF = YES;
				CLANG_WARN_OBJC_LITERAL_CONVERSION = YES;
				CLANG_WARN_OBJC_ROOT_CLASS = YES_ERROR;
				CLANG_WARN_RANGE_LOOP_ANALYSIS = YES;
				CLANG_WARN_STRICT_PROTOTYPES = YES;
				CLANG_WARN_SUSPICIOUS_MOVE = YES;
				CLANG_WARN_UNGUARDED_AVAILABILITY = YES_AGGRESSIVE;
				CLANG_WARN_UNREACHABLE_CODE = YES;
				CLANG_WARN__DUPLICATE_METHOD_MATCH = YES;
				COPY_PHASE_STRIP = NO;
				DEBUG_INFORMATION_FORMAT = dwarf;
				ENABLE_STRICT_OBJC_MSGSEND = YES;
				ENABLE_TESTABILITY = YES;
				GCC_C_LANGUAGE_STANDARD = gnu11;
				GCC_DYNAMIC_NO_PIC = NO;
				GCC_NO_COMMON_BLOCKS = YES;
				GCC_OPTIMIZATION_LEVEL = 0;
				GCC_PREPROCESSOR_DEFINITIONS = (
					"DEBUG=1",
					"$(inherited)",
				);
				GCC_WARN_64_TO_32_BIT_CONVERSION = YES;
				GCC_WARN_ABOUT_RETURN_TYPE = YES_ERROR;
				GCC_WARN_UNDECLARED_SELECTOR = YES;
				GCC_WARN_UNINITIALIZED_AUTOS = YES_AGGRESSIVE;
				GCC_WARN_UNUSED_FUNCTION = YES;
				GCC_WARN_UNUSED_VARIABLE = YES;
				IPHONEOS_DEPLOYMENT_TARGET = 13.6;
				MTL_ENABLE_DEBUG_INFO = INCLUDE_SOURCE;
				MTL_FAST_MATH = YES;
				ONLY_ACTIVE_ARCH = YES;
				SDKROOT = iphoneos;
				SWIFT_ACTIVE_COMPILATION_CONDITIONS = DEBUG;
				SWIFT_OPTIMIZATION_LEVEL = "-Onone";
			};
			name = Debug;
		};
		095FE48024F858C200D0AC38 /* Release */ = {
			isa = XCBuildConfiguration;
			buildSettings = {
				ALWAYS_SEARCH_USER_PATHS = NO;
				CLANG_ANALYZER_NONNULL = YES;
				CLANG_ANALYZER_NUMBER_OBJECT_CONVERSION = YES_AGGRESSIVE;
				CLANG_CXX_LANGUAGE_STANDARD = "gnu++14";
				CLANG_CXX_LIBRARY = "libc++";
				CLANG_ENABLE_MODULES = YES;
				CLANG_ENABLE_OBJC_ARC = YES;
				CLANG_ENABLE_OBJC_WEAK = YES;
				CLANG_WARN_BLOCK_CAPTURE_AUTORELEASING = YES;
				CLANG_WARN_BOOL_CONVERSION = YES;
				CLANG_WARN_COMMA = YES;
				CLANG_WARN_CONSTANT_CONVERSION = YES;
				CLANG_WARN_DEPRECATED_OBJC_IMPLEMENTATIONS = YES;
				CLANG_WARN_DIRECT_OBJC_ISA_USAGE = YES_ERROR;
				CLANG_WARN_DOCUMENTATION_COMMENTS = YES;
				CLANG_WARN_EMPTY_BODY = YES;
				CLANG_WARN_ENUM_CONVERSION = YES;
				CLANG_WARN_INFINITE_RECURSION = YES;
				CLANG_WARN_INT_CONVERSION = YES;
				CLANG_WARN_NON_LITERAL_NULL_CONVERSION = YES;
				CLANG_WARN_OBJC_IMPLICIT_RETAIN_SELF = YES;
				CLANG_WARN_OBJC_LITERAL_CONVERSION = YES;
				CLANG_WARN_OBJC_ROOT_CLASS = YES_ERROR;
				CLANG_WARN_RANGE_LOOP_ANALYSIS = YES;
				CLANG_WARN_STRICT_PROTOTYPES = YES;
				CLANG_WARN_SUSPICIOUS_MOVE = YES;
				CLANG_WARN_UNGUARDED_AVAILABILITY = YES_AGGRESSIVE;
				CLANG_WARN_UNREACHABLE_CODE = YES;
				CLANG_WARN__DUPLICATE_METHOD_MATCH = YES;
				COPY_PHASE_STRIP = NO;
				DEBUG_INFORMATION_FORMAT = "dwarf-with-dsym";
				ENABLE_NS_ASSERTIONS = NO;
				ENABLE_STRICT_OBJC_MSGSEND = YES;
				GCC_C_LANGUAGE_STANDARD = gnu11;
				GCC_NO_COMMON_BLOCKS = YES;
				GCC_WARN_64_TO_32_BIT_CONVERSION = YES;
				GCC_WARN_ABOUT_RETURN_TYPE = YES_ERROR;
				GCC_WARN_UNDECLARED_SELECTOR = YES;
				GCC_WARN_UNINITIALIZED_AUTOS = YES_AGGRESSIVE;
				GCC_WARN_UNUSED_FUNCTION = YES;
				GCC_WARN_UNUSED_VARIABLE = YES;
				IPHONEOS_DEPLOYMENT_TARGET = 13.6;
				MTL_ENABLE_DEBUG_INFO = NO;
				MTL_FAST_MATH = YES;
				SDKROOT = iphoneos;
				SWIFT_COMPILATION_MODE = wholemodule;
				SWIFT_OPTIMIZATION_LEVEL = "-O";
				VALIDATE_PRODUCT = YES;
			};
			name = Release;
		};
		095FE48224F858C200D0AC38 /* Debug */ = {
			isa = XCBuildConfiguration;
			buildSettings = {
				ASSETCATALOG_COMPILER_APPICON_NAME = AppIcon;
				CODE_SIGN_STYLE = Automatic;
				INFOPLIST_FILE = StackOverflow/Info.plist;
				LD_RUNPATH_SEARCH_PATHS = (
					"$(inherited)",
					"@executable_path/Frameworks",
				);
				PRODUCT_BUNDLE_IDENTIFIER = ilyafuckingmireshkin.StackOverflow;
				PRODUCT_NAME = "$(TARGET_NAME)";
				SWIFT_VERSION = 5.0;
				TARGETED_DEVICE_FAMILY = "1,2";
			};
			name = Debug;
		};
		095FE48324F858C200D0AC38 /* Release */ = {
			isa = XCBuildConfiguration;
			buildSettings = {
				ASSETCATALOG_COMPILER_APPICON_NAME = AppIcon;
				CODE_SIGN_STYLE = Automatic;
				INFOPLIST_FILE = StackOverflow/Info.plist;
				LD_RUNPATH_SEARCH_PATHS = (
					"$(inherited)",
					"@executable_path/Frameworks",
				);
				PRODUCT_BUNDLE_IDENTIFIER = ilyafuckingmireshkin.StackOverflow;
				PRODUCT_NAME = "$(TARGET_NAME)";
				SWIFT_VERSION = 5.0;
				TARGETED_DEVICE_FAMILY = "1,2";
			};
			name = Release;
		};
/* End XCBuildConfiguration section */

/* Begin XCConfigurationList section */
		095FE46824F858C200D0AC38 /* Build configuration list for PBXProject "StackOverflow" */ = {
			isa = XCConfigurationList;
			buildConfigurations = (
				095FE47F24F858C200D0AC38 /* Debug */,
				095FE48024F858C200D0AC38 /* Release */,
			);
			defaultConfigurationIsVisible = 0;
			defaultConfigurationName = Release;
		};
		095FE48124F858C200D0AC38 /* Build configuration list for PBXNativeTarget "StackOverflow" */ = {
			isa = XCConfigurationList;
			buildConfigurations = (
				095FE48224F858C200D0AC38 /* Debug */,
				095FE48324F858C200D0AC38 /* Release */,
			);
			defaultConfigurationIsVisible = 0;
			defaultConfigurationName = Release;
		};
/* End XCConfigurationList section */
	};
	rootObject = 095FE46524F858C200D0AC38 /* Project object */;
}
